dependencies:
- name: kratos
  repository: https://k8s.ory.sh/helm/charts
  version: 0.22.2
- name: elasticsearch
  repository: https://helm.elastic.co
  version: 7.17.1
- name: postgresql
  repository: https://charts.bitnami.com/bitnami
  version: 11.1.9
- name: filebeat
  repository: https://helm.elastic.co
  version: 7.17.1
- name: fluent-bit
  repository: https://fluent.github.io/helm-charts
  version: 0.20.8
- name: contour
  repository: https://charts.bitnami.com/bitnami
  version: 7.8.0
digest: sha256:aeea553a87fb9db162ba72ec63ffc3eba1effa1818015b167e81355c67f4da3d
generated: "2022-11-17T13:07:50.302906107+05:30"
