dependencies:
- name: kratos
  repository: https://k8s.ory.sh/helm/charts
  version: 0.29.0
- name: elasticsearch
  repository: https://helm.elastic.co
  version: 7.17.1
- name: postgresql
  repository: https://charts.bitnami.com/bitnami
  version: 18.1.14
- name: filebeat
  repository: https://helm.elastic.co
  version: 7.17.1
- name: fluent-bit
  repository: https://fluent.github.io/helm-charts
  version: 0.20.8
- name: contour
  repository: https://projectcontour.github.io/helm-charts
  version: 0.2.0
digest: sha256:499e8dfd7a6a6a85190e196d5d8fa2a00f8fd364238c65d69584a6ee5e31231d
generated: "2025-12-26T11:21:28.654411602+05:30"
